{
  "name": "metronome",
  "version": "1.0.1",
  "lockfileVersion": 1,
  "requires": true,
  "dependencies": {
    "baskel": {
      "version": "0.1.2",
      "resolved": "https://registry.npmjs.org/baskel/-/baskel-0.1.2.tgz",
      "integrity": "sha512-sagVJSWlrgsiWgJOS/5UcxFiLUSCsE9VezJNzhBTpQ91ZXxJobgh5cZmmdUp6JqgOVKKTa77UnFWr+rePGZ/Cw=="
    }
  }
}
