{
  "name": "metronome",
  "version": "1.0.0",
  "lockfileVersion": 1,
  "requires": true,
  "dependencies": {
    "baskel": {
      "version": "0.0.0",
      "resolved": "https://registry.npmjs.org/baskel/-/baskel-0.0.0.tgz",
      "integrity": "sha512-3BzOVXSevjvr25UACXVsxGQGvla7/YEJVnrB1jm/DBeaA5L5GLyg5xyTE4C37LO5mUyzyVLKIztAPNxQ0AiwUw=="
    }
  }
}
